<?xml version="1.0" encoding="utf-8"?>
<Project ToolsVersion="4.0" xmlns="http://schemas.microsoft.com/developer/msbuild/2003">
  <ItemGroup>
    <Filter Include="code">
      <UniqueIdentifier>{4FC737F1-C7A5-4376-A066-2A32D752A2FF}</UniqueIdentifier>
      <Extensions>cpp;c;cc;cxx;def;odl;idl;hpj;bat;asm;asmx</Extensions>
    </Filter>
    <Filter Include="header">
      <UniqueIdentifier>{93995380-89BD-4b04-88EB-625FBE52EBFB}</UniqueIdentifier>
      <Extensions>h;hh;hpp;hxx;hm;inl;inc;ipp;xsd</Extensions>
    </Filter>
    <Filter Include="res">
      <UniqueIdentifier>{67DA6AB6-F800-4c08-8B7A-83BB121AAD01}</UniqueIdentifier>
      <Extensions>rc;ico;cur;bmp;dlg;rc2;rct;bin;rgs;gif;jpg;jpeg;jpe;resx;tiff;tif;png;wav;mfcribbon-ms</Extensions>
    </Filter>
    <Filter Include="code\io">
      <UniqueIdentifier>{bf666a8a-5b1d-4a6c-b2ef-3c18264dd0cd}</UniqueIdentifier>
    </Filter>
    <Filter Include="header\io">
      <UniqueIdentifier>{33c8ef2b-566b-4b78-8396-ee139aa01dbd}</UniqueIdentifier>
    </Filter>
    <Filter Include="code\algorithms">
      <UniqueIdentifier>{1c556819-86ff-43e7-bc18-5187fb3c9991}</UniqueIdentifier>
    </Filter>
    <Filter Include="header\algorithms">
      <UniqueIdentifier>{0835a519-e5d7-4f89-bce2-904978d9701c}</UniqueIdentifier>
    </Filter>
    <Filter Include="code\data">
      <UniqueIdentifier>{154c6604-fea9-411b-b7bb-2d7867aab222}</UniqueIdentifier>
    </Filter>
    <Filter Include="header\data">
      <UniqueIdentifier>{5c4fc3b4-8d83-4d16-bf84-9058132026a9}</UniqueIdentifier>
    </Filter>
    <Filter Include="code\net">
      <UniqueIdentifier>{d514a8f9-1172-4c5b-8f71-7dc30814d9c0}</UniqueIdentifier>
    </Filter>
    <Filter Include="header\net">
      <UniqueIdentifier>{2833dc91-e0e5-4676-8037-7ad9656c5b71}</UniqueIdentifier>
    </Filter>
    <Filter Include="code\util">
      <UniqueIdentifier>{60207ac6-fa90-462e-9d68-110f6dfeed93}</UniqueIdentifier>
    </Filter>
    <Filter Include="header\util">
      <UniqueIdentifier>{c293fa0f-2acf-40f5-a4c5-1f53aa4688f3}</UniqueIdentifier>
    </Filter>
  </ItemGroup>
  <ItemGroup>
    <ClCompile Include="hh\error_category.cpp">
      <Filter>code</Filter>
    </ClCompile>
    <ClCompile Include="hh\error_code.cpp">
      <Filter>code</Filter>
    </ClCompile>
    <ClCompile Include="hh\mutex.cpp">
      <Filter>code</Filter>
    </ClCompile>
    <ClCompile Include="hh\string.cpp">
      <Filter>code</Filter>
    </ClCompile>
    <ClCompile Include="hh\path.cpp">
      <Filter>code</Filter>
    </ClCompile>
    <ClCompile Include="hh\tick_count.cpp">
      <Filter>code</Filter>
    </ClCompile>
    <ClCompile Include="hh\tribool.cpp">
      <Filter>code</Filter>
    </ClCompile>
    <ClCompile Include="hh\io\context.cpp">
      <Filter>code\io</Filter>
    </ClCompile>
    <ClCompile Include="hh\io\serial_port.cpp">
      <Filter>code\io</Filter>
    </ClCompile>
    <ClCompile Include="hh\console.cpp">
      <Filter>code</Filter>
    </ClCompile>
    <ClCompile Include="hh\datetime.cpp">
      <Filter>code</Filter>
    </ClCompile>
    <ClCompile Include="hh\debug.cpp">
      <Filter>code</Filter>
    </ClCompile>
    <ClCompile Include="hh\exception.cpp">
      <Filter>code</Filter>
    </ClCompile>
    <ClCompile Include="hh\initializer.cpp">
      <Filter>code</Filter>
    </ClCompile>
    <ClCompile Include="hh\locked_long.cpp">
      <Filter>code</Filter>
    </ClCompile>
    <ClCompile Include="hh\algorithms\pid.cpp">
      <Filter>code\algorithms</Filter>
    </ClCompile>
    <ClCompile Include="hh\algorithms\rate.cpp">
      <Filter>code\algorithms</Filter>
    </ClCompile>
    <ClCompile Include="hh\data\ini_document.cpp">
      <Filter>code\data</Filter>
    </ClCompile>
    <ClCompile Include="hh\net\environment.cpp">
      <Filter>code\net</Filter>
    </ClCompile>
    <ClCompile Include="hh\net\http_server.cpp">
      <Filter>code\net</Filter>
    </ClCompile>
    <ClCompile Include="hh\net\http_server_params.cpp">
      <Filter>code\net</Filter>
    </ClCompile>
    <ClCompile Include="hh\net\request.cpp">
      <Filter>code\net</Filter>
    </ClCompile>
    <ClCompile Include="hh\net\response.cpp">
      <Filter>code\net</Filter>
    </ClCompile>
    <ClCompile Include="hh\net\socket.cpp">
      <Filter>code\net</Filter>
    </ClCompile>
    <ClCompile Include="hh\net\socket_address.cpp">
      <Filter>code\net</Filter>
    </ClCompile>
    <ClCompile Include="hh\net\ssl_params.cpp">
      <Filter>code\net</Filter>
    </ClCompile>
    <ClCompile Include="hh\net\tcp_server.cpp">
      <Filter>code\net</Filter>
    </ClCompile>
    <ClCompile Include="hh\net\tcp_server_params.cpp">
      <Filter>code\net</Filter>
    </ClCompile>
    <ClCompile Include="hh\util\configuration.cpp">
      <Filter>code\util</Filter>
    </ClCompile>
    <ClCompile Include="hh\util\system_variables.cpp">
      <Filter>code\util</Filter>
    </ClCompile>
    <ClCompile Include="hh\util\win_utils.cpp">
      <Filter>code\util</Filter>
    </ClCompile>
    <ClCompile Include="hh\net\net_exception.cpp">
      <Filter>code\net</Filter>
    </ClCompile>
  </ItemGroup>
  <ItemGroup>
    <ClInclude Include="..\include\hh\error_category.hpp">
      <Filter>header</Filter>
    </ClInclude>
    <ClInclude Include="..\include\hh\error_code.hpp">
      <Filter>header</Filter>
    </ClInclude>
    <ClInclude Include="..\include\hh\error_t.hpp">
      <Filter>header</Filter>
    </ClInclude>
    <ClInclude Include="..\include\hh\mutex.hpp">
      <Filter>header</Filter>
    </ClInclude>
    <ClInclude Include="..\include\hh\string.hpp">
      <Filter>header</Filter>
    </ClInclude>
    <ClInclude Include="..\include\hh\path.hpp">
      <Filter>header</Filter>
    </ClInclude>
    <ClInclude Include="..\include\hh\tick_count.hpp">
      <Filter>header</Filter>
    </ClInclude>
    <ClInclude Include="..\include\hh\tribool.hpp">
      <Filter>header</Filter>
    </ClInclude>
    <ClInclude Include="..\include\hh\io\serial_port.hpp">
      <Filter>header\io</Filter>
    </ClInclude>
    <ClInclude Include="..\include\hh\io\context.hpp">
      <Filter>header\io</Filter>
    </ClInclude>
    <ClInclude Include="..\include\hh\console.hpp">
      <Filter>header</Filter>
    </ClInclude>
    <ClInclude Include="..\include\hh\datetime.hpp">
      <Filter>header</Filter>
    </ClInclude>
    <ClInclude Include="..\include\hh\debug.hpp">
      <Filter>header</Filter>
    </ClInclude>
    <ClInclude Include="..\include\hh\event.hpp">
      <Filter>header</Filter>
    </ClInclude>
    <ClInclude Include="..\include\hh\exception.hpp">
      <Filter>header</Filter>
    </ClInclude>
    <ClInclude Include="..\include\hh\initializer.hpp">
      <Filter>header</Filter>
    </ClInclude>
    <ClInclude Include="..\include\hh\locked_long.hpp">
      <Filter>header</Filter>
    </ClInclude>
    <ClInclude Include="..\include\hh\memory_pool.hpp">
      <Filter>header</Filter>
    </ClInclude>
    <ClInclude Include="..\include\hh\memory_pool.ipp">
      <Filter>header</Filter>
    </ClInclude>
    <ClInclude Include="..\include\hh\message.hpp">
      <Filter>header</Filter>
    </ClInclude>
    <ClInclude Include="..\include\hh\algorithms\pid.hpp">
      <Filter>header\algorithms</Filter>
    </ClInclude>
    <ClInclude Include="..\include\hh\algorithms\rate.hpp">
      <Filter>header\algorithms</Filter>
    </ClInclude>
    <ClInclude Include="..\include\hh\data\ini_document.hpp">
      <Filter>header\data</Filter>
    </ClInclude>
    <ClInclude Include="..\include\hh\net\environment.hpp">
      <Filter>header\net</Filter>
    </ClInclude>
    <ClInclude Include="..\include\hh\net\exception.hpp">
      <Filter>header\net</Filter>
    </ClInclude>
    <ClInclude Include="..\include\hh\net\http_server.hpp">
      <Filter>header\net</Filter>
    </ClInclude>
    <ClInclude Include="..\include\hh\net\http_server_params.hpp">
      <Filter>header\net</Filter>
    </ClInclude>
    <ClInclude Include="..\include\hh\net\socket.hpp">
      <Filter>header\net</Filter>
    </ClInclude>
    <ClInclude Include="..\include\hh\net\socket_address.hpp">
      <Filter>header\net</Filter>
    </ClInclude>
    <ClInclude Include="..\include\hh\net\ssl_params.hpp">
      <Filter>header\net</Filter>
    </ClInclude>
    <ClInclude Include="..\include\hh\net\tcp_server.hpp">
      <Filter>header\net</Filter>
    </ClInclude>
    <ClInclude Include="..\include\hh\net\tcp_server_params.hpp">
      <Filter>header\net</Filter>
    </ClInclude>
    <ClInclude Include="..\include\hh\util\configuration.hpp">
      <Filter>header\util</Filter>
    </ClInclude>
    <ClInclude Include="..\include\hh\util\system_variables.hpp">
      <Filter>header\util</Filter>
    </ClInclude>
    <ClInclude Include="..\include\hh\util\win_utils.hpp">
      <Filter>header\util</Filter>
    </ClInclude>
  </ItemGroup>
  <ItemGroup>
    <None Include="..\.gitignore" />
  </ItemGroup>
</Project>